
Microsoft Visual Studio Solution File, Format Version 12.00
# Visual Studio Version 17
VisualStudioVersion = 17.8.34525.116
MinimumVisualStudioVersion = 10.0.40219.1
Project("{2150E333-8FDC-42A3-9474-1A3956D46DE8}") = "src", "src", "{F6C5CC2D-7E31-4D70-B301-D33B06924F4E}"
EndProject
Project("{2150E333-8FDC-42A3-9474-1A3956D46DE8}") = "gateways", "gateways", "{EBD87601-7D17-42DF-89E2-5BA08E0D1290}"
EndProject
Project("{2150E333-8FDC-42A3-9474-1A3956D46DE8}") = "microservices", "microservices", "{4E5BC9EA-19BB-4BCC-8B24-A3EEA7DF7364}"
EndProject
Project("{2150E333-8FDC-42A3-9474-1A3956D46DE8}") = "middleware", "middleware", "{5D7E86CD-E681-4F5D-B297-5213A0854BCD}"
EndProject
Project("{2150E333-8FDC-42A3-9474-1A3956D46DE8}") = "uis", "uis", "{F2A0190A-875E-4DB9-A59B-88670171443D}"
EndProject
Project("{FAE04EC0-301F-11D3-BF4B-00C04F79EFBC}") = "Catelog.Api", "src\microservices\Catelog.Api\Catelog.Api.csproj", "{0564810D-9B98-4D4C-AE89-015EC1BAB4C6}"
EndProject
Global
	GlobalSection(SolutionConfigurationPlatforms) = preSolution
		Debug|Any CPU = Debug|Any CPU
		Release|Any CPU = Release|Any CPU
	EndGlobalSection
	GlobalSection(ProjectConfigurationPlatforms) = postSolution
		{0564810D-9B98-4D4C-AE89-015EC1BAB4C6}.Debug|Any CPU.ActiveCfg = Debug|Any CPU
		{0564810D-9B98-4D4C-AE89-015EC1BAB4C6}.Debug|Any CPU.Build.0 = Debug|Any CPU
		{0564810D-9B98-4D4C-AE89-015EC1BAB4C6}.Release|Any CPU.ActiveCfg = Release|Any CPU
		{0564810D-9B98-4D4C-AE89-015EC1BAB4C6}.Release|Any CPU.Build.0 = Release|Any CPU
	EndGlobalSection
	GlobalSection(SolutionProperties) = preSolution
		HideSolutionNode = FALSE
	EndGlobalSection
	GlobalSection(NestedProjects) = preSolution
		{EBD87601-7D17-42DF-89E2-5BA08E0D1290} = {F6C5CC2D-7E31-4D70-B301-D33B06924F4E}
		{4E5BC9EA-19BB-4BCC-8B24-A3EEA7DF7364} = {F6C5CC2D-7E31-4D70-B301-D33B06924F4E}
		{5D7E86CD-E681-4F5D-B297-5213A0854BCD} = {F6C5CC2D-7E31-4D70-B301-D33B06924F4E}
		{F2A0190A-875E-4DB9-A59B-88670171443D} = {F6C5CC2D-7E31-4D70-B301-D33B06924F4E}
		{0564810D-9B98-4D4C-AE89-015EC1BAB4C6} = {4E5BC9EA-19BB-4BCC-8B24-A3EEA7DF7364}
	EndGlobalSection
	GlobalSection(ExtensibilityGlobals) = postSolution
		SolutionGuid = {B97EAC5E-1ABE-4117-B1A5-19F67672A19C}
	EndGlobalSection
EndGlobal
